
Microsoft Visual Studio Solution File, Format Version 12.00
# Visual Studio 15
VisualStudioVersion = 15.0.28307.572
MinimumVisualStudioVersion = 10.0.40219.1
Project("{FAE04EC0-301F-11D3-BF4B-00C04F79EFBC}") = "Template", "Template\Template.csproj", "{7EBD0F28-0CF9-4526-87C0-955F3A5CC003}"
EndProject
Project("{FAE04EC0-301F-11D3-BF4B-00C04F79EFBC}") = "DataAccessLayer", "DataAccessLayer\DataAccessLayer.csproj", "{E55D8C5B-DEBB-4908-B33A-43714CA21C0E}"
EndProject
Project("{FAE04EC0-301F-11D3-BF4B-00C04F79EFBC}") = "Repository", "Repository\Repository.csproj", "{77E9D441-ADEA-4389-816E-CF7B7BBEBB7A}"
EndProject
Project("{FAE04EC0-301F-11D3-BF4B-00C04F79EFBC}") = "Service", "Service\Service.csproj", "{FADC9F49-D6B6-4B54-88A8-C3F6155139C4}"
EndProject
Project("{FAE04EC0-301F-11D3-BF4B-00C04F79EFBC}") = "TestService", "TestService\TestService.csproj", "{488FFC9D-68F4-4E18-B674-B52C2476A763}"
EndProject
Global
	GlobalSection(SolutionConfigurationPlatforms) = preSolution
		Debug|Any CPU = Debug|Any CPU
		Release|Any CPU = Release|Any CPU
	EndGlobalSection
	GlobalSection(ProjectConfigurationPlatforms) = postSolution
		{7EBD0F28-0CF9-4526-87C0-955F3A5CC003}.Debug|Any CPU.ActiveCfg = Debug|Any CPU
		{7EBD0F28-0CF9-4526-87C0-955F3A5CC003}.Debug|Any CPU.Build.0 = Debug|Any CPU
		{7EBD0F28-0CF9-4526-87C0-955F3A5CC003}.Release|Any CPU.ActiveCfg = Release|Any CPU
		{7EBD0F28-0CF9-4526-87C0-955F3A5CC003}.Release|Any CPU.Build.0 = Release|Any CPU
		{E55D8C5B-DEBB-4908-B33A-43714CA21C0E}.Debug|Any CPU.ActiveCfg = Debug|Any CPU
		{E55D8C5B-DEBB-4908-B33A-43714CA21C0E}.Debug|Any CPU.Build.0 = Debug|Any CPU
		{E55D8C5B-DEBB-4908-B33A-43714CA21C0E}.Release|Any CPU.ActiveCfg = Release|Any CPU
		{E55D8C5B-DEBB-4908-B33A-43714CA21C0E}.Release|Any CPU.Build.0 = Release|Any CPU
		{77E9D441-ADEA-4389-816E-CF7B7BBEBB7A}.Debug|Any CPU.ActiveCfg = Debug|Any CPU
		{77E9D441-ADEA-4389-816E-CF7B7BBEBB7A}.Debug|Any CPU.Build.0 = Debug|Any CPU
		{77E9D441-ADEA-4389-816E-CF7B7BBEBB7A}.Release|Any CPU.ActiveCfg = Release|Any CPU
		{77E9D441-ADEA-4389-816E-CF7B7BBEBB7A}.Release|Any CPU.Build.0 = Release|Any CPU
		{FADC9F49-D6B6-4B54-88A8-C3F6155139C4}.Debug|Any CPU.ActiveCfg = Debug|Any CPU
		{FADC9F49-D6B6-4B54-88A8-C3F6155139C4}.Debug|Any CPU.Build.0 = Debug|Any CPU
		{FADC9F49-D6B6-4B54-88A8-C3F6155139C4}.Release|Any CPU.ActiveCfg = Release|Any CPU
		{FADC9F49-D6B6-4B54-88A8-C3F6155139C4}.Release|Any CPU.Build.0 = Release|Any CPU
		{488FFC9D-68F4-4E18-B674-B52C2476A763}.Debug|Any CPU.ActiveCfg = Debug|Any CPU
		{488FFC9D-68F4-4E18-B674-B52C2476A763}.Debug|Any CPU.Build.0 = Debug|Any CPU
		{488FFC9D-68F4-4E18-B674-B52C2476A763}.Release|Any CPU.ActiveCfg = Release|Any CPU
		{488FFC9D-68F4-4E18-B674-B52C2476A763}.Release|Any CPU.Build.0 = Release|Any CPU
	EndGlobalSection
	GlobalSection(SolutionProperties) = preSolution
		HideSolutionNode = FALSE
	EndGlobalSection
	GlobalSection(ExtensibilityGlobals) = postSolution
		SolutionGuid = {09074AE8-66CF-4E3C-AA47-5DDD09E50D54}
	EndGlobalSection
EndGlobal
